
Microsoft Visual Studio Solution File, Format Version 12.00
# Visual Studio Version 17
VisualStudioVersion = 17.11.35327.3
MinimumVisualStudioVersion = 10.0.40219.1
Project("{FAE04EC0-301F-11D3-BF4B-00C04F79EFBC}") = "WinFormsApp9", "WinFormsApp9\WinFormsApp9.csproj", "{9DEAFBA0-9221-4B73-955B-FFBAD746AF22}"
EndProject
Global
	GlobalSection(SolutionConfigurationPlatforms) = preSolution
		Debug|Any CPU = Debug|Any CPU
		Release|Any CPU = Release|Any CPU
	EndGlobalSection
	GlobalSection(ProjectConfigurationPlatforms) = postSolution
		{9DEAFBA0-9221-4B73-955B-FFBAD746AF22}.Debug|Any CPU.ActiveCfg = Debug|Any CPU
		{9DEAFBA0-9221-4B73-955B-FFBAD746AF22}.Debug|Any CPU.Build.0 = Debug|Any CPU
		{9DEAFBA0-9221-4B73-955B-FFBAD746AF22}.Release|Any CPU.ActiveCfg = Release|Any CPU
		{9DEAFBA0-9221-4B73-955B-FFBAD746AF22}.Release|Any CPU.Build.0 = Release|Any CPU
	EndGlobalSection
	GlobalSection(SolutionProperties) = preSolution
		HideSolutionNode = FALSE
	EndGlobalSection
	GlobalSection(ExtensibilityGlobals) = postSolution
		SolutionGuid = {639AD93E-E8DA-47B2-826B-BEED46196CB7}
	EndGlobalSection
EndGlobal
